{
  "lockfileVersion": 1,
  "configVersion": 1,
  "workspaces": {
    "": {
      "name": "sinter",
      "devDependencies": {
        "@types/bun": "^1.2.0",
        "supabase": "^2.115.0",
        "typescript": "^5.6.0",
      },
    },
    "packages/adapters/claude": {
      "name": "@sinter/adapter-claude",
      "version": "0.1.0",
      "dependencies": {
        "@sinter/core": "workspace:*",
      },
    },
    "packages/adapters/codex": {
      "name": "@sinter/adapter-codex",
      "version": "0.1.0",
      "dependencies": {
        "@sinter/core": "workspace:*",
      },
    },
    "packages/adapters/devin": {
      "name": "@sinter/adapter-devin",
      "version": "0.1.0",
      "dependencies": {
        "@sinter/core": "workspace:*",
      },
    },
    "packages/adapters/omp": {
      "name": "@sinter/adapter-omp",
      "version": "0.1.0",
      "dependencies": {
        "@sinter/core": "workspace:*",
      },
    },
    "packages/adapters/opencode": {
      "name": "@sinter/adapter-opencode",
      "version": "0.1.0",
      "dependencies": {
        "@sinter/core": "workspace:*",
      },
    },
    "packages/adapters/pi": {
      "name": "@sinter/adapter-pi",
      "version": "0.1.0",
      "dependencies": {
        "@sinter/adapter-omp": "workspace:*",
        "@sinter/core": "workspace:*",
      },
    },
    "packages/adapters/zcode": {
      "name": "@sinter/adapter-zcode",
      "version": "0.1.0",
      "dependencies": {
        "@sinter/core": "workspace:*",
      },
    },
    "packages/cli": {
      "name": "@jensenloke/sinter",
      "version": "0.3.1",
      "bin": {
        "sinter": "dist/main.js",
      },
      "devDependencies": {
        "@sinter/adapter-claude": "workspace:*",
        "@sinter/adapter-codex": "workspace:*",
        "@sinter/adapter-devin": "workspace:*",
        "@sinter/adapter-omp": "workspace:*",
        "@sinter/adapter-opencode": "workspace:*",
        "@sinter/adapter-pi": "workspace:*",
        "@sinter/adapter-zcode": "workspace:*",
        "@sinter/ledger": "workspace:*",
      },
    },
    "packages/core": {
      "name": "@sinter/core",
      "version": "0.1.0",
    },
    "packages/ledger": {
      "name": "@sinter/ledger",
      "version": "0.1.0",
      "dependencies": {
        "@sinter/core": "workspace:*",
      },
    },
  },
  "packages": {
    "@ecies/ciphers": ["@ecies/ciphers@0.2.6", "", { "peerDependencies": { "@noble/ciphers": "^1.0.0" } }, "sha512-patgsRPKGkhhoBjETV4XxD0En4ui5fbX0hzayqI3M8tvNMGUoUvmyYAIWwlxBc1KX5cturfqByYdj5bYGRpN9g=="],

    "@jensenloke/sinter": ["@jensenloke/sinter@workspace:packages/cli"],

    "@noble/ciphers": ["@noble/ciphers@1.3.0", "", {}, "sha512-2I0gnIVPtfnMw9ee9h1dJG7tp81+8Ob3OJb3Mv37rx5L40/b0i7djjCVvGOVqc9AEIQyvyu1i6ypKdFw8R8gQw=="],

    "@noble/curves": ["@noble/curves@1.9.7", "", { "dependencies": { "@noble/hashes": "1.8.0" } }, "sha512-gbKGcRUYIjA3/zCCNaWDciTMFI0dCkvou3TL8Zmy5Nc7sJ47a0jtOeZoTaMxkuqRo9cRhjOdZJXegxYE5FN/xw=="],

    "@noble/hashes": ["@noble/hashes@1.8.0", "", {}, "sha512-jCs9ldd7NwzpgXDIf6P3+NrHh9/sD6CQdxHyjQI+h/6rDNo88ypBxxz45UDuZHz9r3tNz7N/VInSVoVdtXEI4A=="],

    "@sinter/adapter-claude": ["@sinter/adapter-claude@workspace:packages/adapters/claude"],

    "@sinter/adapter-codex": ["@sinter/adapter-codex@workspace:packages/adapters/codex"],

    "@sinter/adapter-devin": ["@sinter/adapter-devin@workspace:packages/adapters/devin"],

    "@sinter/adapter-omp": ["@sinter/adapter-omp@workspace:packages/adapters/omp"],

    "@sinter/adapter-opencode": ["@sinter/adapter-opencode@workspace:packages/adapters/opencode"],

    "@sinter/adapter-pi": ["@sinter/adapter-pi@workspace:packages/adapters/pi"],

    "@sinter/adapter-zcode": ["@sinter/adapter-zcode@workspace:packages/adapters/zcode"],

    "@sinter/core": ["@sinter/core@workspace:packages/core"],

    "@sinter/ledger": ["@sinter/ledger@workspace:packages/ledger"],

    "@supabase/cli-darwin-arm64": ["@supabase/cli-darwin-arm64@2.115.0", "", { "os": "darwin", "cpu": "arm64" }, "sha512-yUNw1KG+fyuBqBGvFT8ASC7aAkFkx2Kx+qPjUTW50ttiKKgg8D/eMSCoSjQuaAbL0vafw98bHEZ2dAfdyYyXMA=="],

    "@supabase/cli-darwin-x64": ["@supabase/cli-darwin-x64@2.115.0", "", { "os": "darwin", "cpu": "x64" }, "sha512-e4bbWADYcjSjXgSSErreoqyEeEjrFQunxCYummUoiGdVanck/itAIFwhtRykKpBtoKqCYh4CFxUiDxOFMBdNHQ=="],

    "@supabase/cli-linux-arm64": ["@supabase/cli-linux-arm64@2.115.0", "", { "os": "linux", "cpu": "arm64" }, "sha512-JBcnnFuVekMR9+EOCcup1QihW+CHMBWcL/+N1Uz4HB6leX8d894VQ+sX0pFgbXLqnpGcc35IiXKwjLz4FCb8Dw=="],

    "@supabase/cli-linux-arm64-musl": ["@supabase/cli-linux-arm64-musl@2.115.0", "", { "os": "linux", "cpu": "arm64" }, "sha512-2OCzD4qZx8RFbW2vfOlXpup+1UnVqSauUsSGH4mKiUIveMD/UyMI6Md8CLKLszwV2XwM+6bZG6w7d7Ems9vxCQ=="],

    "@supabase/cli-linux-x64": ["@supabase/cli-linux-x64@2.115.0", "", { "os": "linux", "cpu": "x64" }, "sha512-ZvZ5QbPB3cvenEam6TDgngWPPm9GBO5m/5GYCOsqIfx2Gz5++WsEhlypWy9U4gTFae7ENtih0RqPzgiyWDKE+w=="],

    "@supabase/cli-linux-x64-musl": ["@supabase/cli-linux-x64-musl@2.115.0", "", { "os": "linux", "cpu": "x64" }, "sha512-t36QEEQxy0AsOn0rr1L8aEzZKYS+kRH4fvYr5KdB+rHA1x39A1dUeOCTqCucCr0V5oQ3+odJLlO6tinNczHKMQ=="],

    "@supabase/cli-windows-arm64": ["@supabase/cli-windows-arm64@2.115.0", "", { "os": "win32", "cpu": "arm64" }, "sha512-MkYbWrNZXpWZxwglVaTexj+w6EWYUi34c7Y9SRGbcQBC/infteM/8zhVVRUmO3ltSEqnJCacHowLPISXIF6g/w=="],

    "@supabase/cli-windows-x64": ["@supabase/cli-windows-x64@2.115.0", "", { "os": "win32", "cpu": "x64" }, "sha512-jRXsJjbw/h0ssSpFQeClTTO2wtMw0YYS1yMzN2f/px4DehigBZNxSFB4thOtzmIJoisInm1gYV5pQJZla1Ytpw=="],

    "@types/bun": ["@types/bun@1.3.14", "", { "dependencies": { "bun-types": "1.3.14" } }, "sha512-h1hFqFVcvAvD9j9K7ZW7vd82aSA+rTdznZa+5bwvCwqSB1jmmfLcbIWhOLx1/+boy/xmjgCs/OMUL8hRJSmnPw=="],

    "@types/node": ["@types/node@26.2.0", "", { "dependencies": { "undici-types": "~8.3.0" } }, "sha512-5IviulTZeRNp2vAJ514cc/HUlY5nZ9fCbq9DMyC52BrhFZACo3nI0R7qBxhQmo/d27NFe96ur/b7Wwxklda+kg=="],

    "bun-types": ["bun-types@1.3.14", "", { "dependencies": { "@types/node": "*" } }, "sha512-4N0ig0fEomHt5R0KCFWjovxow98rIoRwKolrYdCcknNwMekCXRnWEUvgu5soYV8QXtVsrUD8B95MBOZGPvr6KQ=="],

    "eciesjs": ["eciesjs@0.5.0", "", { "dependencies": { "@ecies/ciphers": "^0.2.6", "@noble/ciphers": "^1.3.0", "@noble/curves": "^1.9.7", "@noble/hashes": "^1.8.0" } }, "sha512-s0J9SEVYAEPg7J63GFMApLYzPH9VNIQIyC6s15JpnqVc0TqcKWdbgFlnAweEBRyMmko2dcs2sfC83Hj4J43tuA=="],

    "jose": ["jose@6.2.10", "", {}, "sha512-iiW7J9qRFlGxvCOIBDBDxFePQSn7ZMAnrYGhrrOo6siO/MIqwfyilLR27pkfDgUk+raLuzADS8A3S/KLBisc0g=="],

    "supabase": ["supabase@2.115.0", "", { "dependencies": { "eciesjs": "^0.5.0", "jose": "^6.2.8" }, "optionalDependencies": { "@supabase/cli-darwin-arm64": "2.115.0", "@supabase/cli-darwin-x64": "2.115.0", "@supabase/cli-linux-arm64": "2.115.0", "@supabase/cli-linux-arm64-musl": "2.115.0", "@supabase/cli-linux-x64": "2.115.0", "@supabase/cli-linux-x64-musl": "2.115.0", "@supabase/cli-windows-arm64": "2.115.0", "@supabase/cli-windows-x64": "2.115.0" }, "bin": { "supabase": "dist/supabase.js" } }, "sha512-8fL9vOd6jOntmU8N5DVlHGE2GWR1r57ulsrOzSyO6IRYq5QMyKie8T8DH+hb+caGhYUVJLvmpY7XYwic60Uafg=="],

    "typescript": ["typescript@5.9.3", "", { "bin": { "tsc": "bin/tsc", "tsserver": "bin/tsserver" } }, "sha512-jl1vZzPDinLr9eUt3J/t7V6FgNEw9QjvBPdysz9KfQDD41fQrC2Y4vKQdiaUpFT4bXlb1RHhLpp8wtm6M5TgSw=="],

    "undici-types": ["undici-types@8.3.0", "", {}, "sha512-j375ScV60dom+YkPFIfTLcOiPxkN/buHz5GobjLhixFuANaNs3C9l4GmrWqejgXWJ7BbJcFYpTEUkS1Ge8bpZQ=="],
  }
}
